<?xml version="1.0" encoding="UTF-8" standalone="yes" ?>
<CodeBlocks_project_file>
	<FileVersion major="1" minor="6" />
	<Project>
		<Option title="Renegade" />
		<Option pch_mode="2" />
		<Option compiler="gcc" />
		<Build>
			<Target title="execute">
				<Option output="bin/Renegade" prefix_auto="1" extension_auto="1" />
				<Option object_output="obj/Debug/" />
				<Option type="1" />
				<Option compiler="gcc" />
				<Compiler>
					<Add option="-O3" />
					<Add option="-g" />
					<Add option="-std=c99" />
				</Compiler>
				<Linker>
					<Add option="-L." />
					<Add option="-lSDL" />
					<Add option="-lSOIL" />
					<Add option="-lSDLMain" />
					<Add option="-lglew32" />
					<Add option="-lopengl32" />
					<Add option="-lglu32" />
					<Add option="-lfreetype" />
				</Linker>
			</Target>
			<Target title="Release">
				<Option output="bin/Release/libRenegade" prefix_auto="1" extension_auto="1" />
				<Option object_output="obj/Release/" />
				<Option type="3" />
				<Option compiler="gcc" />
				<Option createDefFile="1" />
				<Option createStaticLib="1" />
				<Compiler>
					<Add option="-fexpensive-optimizations" />
					<Add option="-O3" />
					<Add option="-std=c99" />
				</Compiler>
				<Linker>
					<Add option="-L." />
					<Add option="-lSDL" />
					<Add option="-lSOIL" />
					<Add option="-lSDLMain" />
					<Add option="-lopengl32" />
					<Add option="-lglu32" />
					<Add option="-lfreetype" />
					<Add option="-static" />
					<Add option="-lglew32" />
				</Linker>
			</Target>
		</Build>
		<Compiler>
			<Add option="-Wall" />
		</Compiler>
		<Unit filename="SOIL.h" />
		<Unit filename="base.c">
			<Option compilerVar="CC" />
		</Unit>
		<Unit filename="base.h" />
		<Unit filename="color.c">
			<Option compilerVar="CC" />
		</Unit>
		<Unit filename="color.h" />
		<Unit filename="engine.c">
			<Option compilerVar="CC" />
		</Unit>
		<Unit filename="engine.h" />
		<Unit filename="event.c">
			<Option compilerVar="CC" />
		</Unit>
		<Unit filename="event.h" />
		<Unit filename="exception.c">
			<Option compilerVar="CC" />
		</Unit>
		<Unit filename="exception.h" />
		<Unit filename="label.c">
			<Option compilerVar="CC" />
		</Unit>
		<Unit filename="label.h" />
		<Unit filename="main.c">
			<Option compilerVar="CC" />
		</Unit>
		<Unit filename="renegade.h" />
		<Unit filename="scene.c">
			<Option compilerVar="CC" />
		</Unit>
		<Unit filename="scene.h" />
		<Unit filename="sprite.c">
			<Option compilerVar="CC" />
		</Unit>
		<Unit filename="sprite.h" />
		<Unit filename="texture.c">
			<Option compilerVar="CC" />
		</Unit>
		<Unit filename="texture.h" />
		<Unit filename="type.c">
			<Option compilerVar="CC" />
		</Unit>
		<Unit filename="type.h" />
		<Unit filename="vector.c">
			<Option compilerVar="CC" />
		</Unit>
		<Unit filename="vector.h" />
		<Unit filename="wnd.c">
			<Option compilerVar="CC" />
		</Unit>
		<Unit filename="wnd.h" />
		<Extensions>
			<DoxyBlocks>
				<comment_style block="0" line="0" />
				<doxyfile_project />
				<doxyfile_build />
				<doxyfile_warnings />
				<doxyfile_output />
				<doxyfile_dot />
				<general />
			</DoxyBlocks>
			<code_completion />
			<envvars />
			<debugger />
			<lib_finder disable_auto="1" />
		</Extensions>
	</Project>
</CodeBlocks_project_file>
